// !$*UTF8*$!
{
	archiveVersion = 1;
	classes = {
	};
	objectVersion = 50;
	objects = {

/* Begin PBXBuildFile section */
		5A09D8E124C1BA53005DBD02 /* AppDelegate.swift in Sources */ = {isa = PBXBuildFile; fileRef = 5A09D8E024C1BA53005DBD02 /* AppDelegate.swift */; };
		5A09D8E324C1BA53005DBD02 /* SceneDelegate.swift in Sources */ = {isa = PBXBuildFile; fileRef = 5A09D8E224C1BA53005DBD02 /* SceneDelegate.swift */; };
		5A09D8E824C1BA53005DBD02 /* Main.storyboard in Resources */ = {isa = PBXBuildFile; fileRef = 5A09D8E624C1BA53005DBD02 /* Main.storyboard */; };
		5A09D8EA24C1BA55005DBD02 /* Assets.xcassets in Resources */ = {isa = PBXBuildFile; fileRef = 5A09D8E924C1BA55005DBD02 /* Assets.xcassets */; };
		5A09D8ED24C1BA55005DBD02 /* LaunchScreen.storyboard in Resources */ = {isa = PBXBuildFile; fileRef = 5A09D8EB24C1BA55005DBD02 /* LaunchScreen.storyboard */; };
		5A09D8F524C1D30C005DBD02 /* ExpandableTabbarController.swift in Sources */ = {isa = PBXBuildFile; fileRef = 5A09D8F424C1D30C005DBD02 /* ExpandableTabbarController.swift */; };
/* End PBXBuildFile section */

/* Begin PBXFileReference section */
		5A09D8DD24C1BA53005DBD02 /* ExpandableTabbarSample.app */ = {isa = PBXFileReference; explicitFileType = wrapper.application; includeInIndex = 0; path = ExpandableTabbarSample.app; sourceTree = BUILT_PRODUCTS_DIR; };
		5A09D8E024C1BA53005DBD02 /* AppDelegate.swift */ = {isa = PBXFileReference; lastKnownFileType = sourcecode.swift; path = AppDelegate.swift; sourceTree = "<group>"; };
		5A09D8E224C1BA53005DBD02 /* SceneDelegate.swift */ = {isa = PBXFileReference; lastKnownFileType = sourcecode.swift; path = SceneDelegate.swift; sourceTree = "<group>"; };
		5A09D8E724C1BA53005DBD02 /* Base */ = {isa = PBXFileReference; lastKnownFileType = file.storyboard; name = Base; path = Base.lproj/Main.storyboard; sourceTree = "<group>"; };
		5A09D8E924C1BA55005DBD02 /* Assets.xcassets */ = {isa = PBXFileReference; lastKnownFileType = folder.assetcatalog; path = Assets.xcassets; sourceTree = "<group>"; };
		5A09D8EC24C1BA55005DBD02 /* Base */ = {isa = PBXFileReference; lastKnownFileType = file.storyboard; name = Base; path = Base.lproj/LaunchScreen.storyboard; sourceTree = "<group>"; };
		5A09D8EE24C1BA55005DBD02 /* Info.plist */ = {isa = PBXFileReference; lastKnownFileType = text.plist.xml; path = Info.plist; sourceTree = "<group>"; };
		5A09D8F424C1D30C005DBD02 /* ExpandableTabbarController.swift */ = {isa = PBXFileReference; lastKnownFileType = sourcecode.swift; path = ExpandableTabbarController.swift; sourceTree = "<group>"; };
/* End PBXFileReference section */

/* Begin PBXFrameworksBuildPhase section */
		5A09D8DA24C1BA53005DBD02 /* Frameworks */ = {
			isa = PBXFrameworksBuildPhase;
			buildActionMask = 2147483647;
			files = (
			);
			runOnlyForDeploymentPostprocessing = 0;
		};
/* End PBXFrameworksBuildPhase section */

/* Begin PBXGroup section */
		5A09D8D424C1BA52005DBD02 = {
			isa = PBXGroup;
			children = (
				5A09D8DF24C1BA53005DBD02 /* ExpandableTabbarSample */,
				5A09D8DE24C1BA53005DBD02 /* Products */,
			);
			sourceTree = "<group>";
		};
		5A09D8DE24C1BA53005DBD02 /* Products */ = {
			isa = PBXGroup;
			children = (
				5A09D8DD24C1BA53005DBD02 /* ExpandableTabbarSample.app */,
			);
			name = Products;
			sourceTree = "<group>";
		};
		5A09D8DF24C1BA53005DBD02 /* ExpandableTabbarSample */ = {
			isa = PBXGroup;
			children = (
				5A09D8E024C1BA53005DBD02 /* AppDelegate.swift */,
				5A09D8E224C1BA53005DBD02 /* SceneDelegate.swift */,
				5A09D8E624C1BA53005DBD02 /* Main.storyboard */,
				5A09D8E924C1BA55005DBD02 /* Assets.xcassets */,
				5A09D8EB24C1BA55005DBD02 /* LaunchScreen.storyboard */,
				5A09D8EE24C1BA55005DBD02 /* Info.plist */,
				5A09D8F424C1D30C005DBD02 /* ExpandableTabbarController.swift */,
			);
			path = ExpandableTabbarSample;
			sourceTree = "<group>";
		};
/* End PBXGroup section */

/* Begin PBXNativeTarget section */
		5A09D8DC24C1BA53005DBD02 /* ExpandableTabbarSample */ = {
			isa = PBXNativeTarget;
			buildConfigurationList = 5A09D8F124C1BA55005DBD02 /* Build configuration list for PBXNativeTarget "ExpandableTabbarSample" */;
			buildPhases = (
				5A09D8D924C1BA53005DBD02 /* Sources */,
				5A09D8DA24C1BA53005DBD02 /* Frameworks */,
				5A09D8DB24C1BA53005DBD02 /* Resources */,
			);
			buildRules = (
			);
			dependencies = (
			);
			name = ExpandableTabbarSample;
			productName = ExpandableTabbarSample;
			productReference = 5A09D8DD24C1BA53005DBD02 /* ExpandableTabbarSample.app */;
			productType = "com.apple.product-type.application";
		};
/* End PBXNativeTarget section */

/* Begin PBXProject section */
		5A09D8D524C1BA52005DBD02 /* Project object */ = {
			isa = PBXProject;
			attributes = {
				LastSwiftUpdateCheck = 1130;
				LastUpgradeCheck = 1130;
				ORGANIZATIONNAME = VietTa;
				TargetAttributes = {
					5A09D8DC24C1BA53005DBD02 = {
						CreatedOnToolsVersion = 11.3.1;
					};
				};
			};
			buildConfigurationList = 5A09D8D824C1BA52005DBD02 /* Build configuration list for PBXProject "ExpandableTabbarSample" */;
			compatibilityVersion = "Xcode 9.3";
			developmentRegion = en;
			hasScannedForEncodings = 0;
			knownRegions = (
				en,
				Base,
			);
			mainGroup = 5A09D8D424C1BA52005DBD02;
			productRefGroup = 5A09D8DE24C1BA53005DBD02 /* Products */;
			projectDirPath = "";
			projectRoot = "";
			targets = (
				5A09D8DC24C1BA53005DBD02 /* ExpandableTabbarSample */,
			);
		};
/* End PBXProject section */

/* Begin PBXResourcesBuildPhase section */
		5A09D8DB24C1BA53005DBD02 /* Resources */ = {
			isa = PBXResourcesBuildPhase;
			buildActionMask = 2147483647;
			files = (
				5A09D8ED24C1BA55005DBD02 /* LaunchScreen.storyboard in Resources */,
				5A09D8EA24C1BA55005DBD02 /* Assets.xcassets in Resources */,
				5A09D8E824C1BA53005DBD02 /* Main.storyboard in Resources */,
			);
			runOnlyForDeploymentPostprocessing = 0;
		};
/* End PBXResourcesBuildPhase section */

/* Begin PBXSourcesBuildPhase section */
		5A09D8D924C1BA53005DBD02 /* Sources */ = {
			isa = PBXSourcesBuildPhase;
			buildActionMask = 2147483647;
			files = (
				5A09D8F524C1D30C005DBD02 /* ExpandableTabbarController.swift in Sources */,
				5A09D8E124C1BA53005DBD02 /* AppDelegate.swift in Sources */,
				5A09D8E324C1BA53005DBD02 /* SceneDelegate.swift in Sources */,
			);
			runOnlyForDeploymentPostprocessing = 0;
		};
/* End PBXSourcesBuildPhase section */

/* Begin PBXVariantGroup section */
		5A09D8E624C1BA53005DBD02 /* Main.storyboard */ = {
			isa = PBXVariantGroup;
			children = (
				5A09D8E724C1BA53005DBD02 /* Base */,
			);
			name = Main.storyboard;
			sourceTree = "<group>";
		};
		5A09D8EB24C1BA55005DBD02 /* LaunchScreen.storyboard */ = {
			isa = PBXVariantGroup;
			children = (
				5A09D8EC24C1BA55005DBD02 /* Base */,
			);
			name = LaunchScreen.storyboard;
			sourceTree = "<group>";
		};
/* End PBXVariantGroup section */

/* Begin XCBuildConfiguration section */
		5A09D8EF24C1BA55005DBD02 /* Debug */ = {
			isa = XCBuildConfiguration;
			buildSettings = {
				ALWAYS_SEARCH_USER_PATHS = NO;
				CLANG_ANALYZER_NONNULL = YES;
				CLANG_ANALYZER_NUMBER_OBJECT_CONVERSION = YES_AGGRESSIVE;
				CLANG_CXX_LANGUAGE_STANDARD = "gnu++14";
				CLANG_CXX_LIBRARY = "libc++";
				CLANG_ENABLE_MODULES = YES;
				CLANG_ENABLE_OBJC_ARC = YES;
				CLANG_ENABLE_OBJC_WEAK = YES;
				CLANG_WARN_BLOCK_CAPTURE_AUTORELEASING = YES;
				CLANG_WARN_BOOL_CONVERSION = YES;
				CLANG_WARN_COMMA = YES;
				CLANG_WARN_CONSTANT_CONVERSION = YES;
				CLANG_WARN_DEPRECATED_OBJC_IMPLEMENTATIONS = YES;
				CLANG_WARN_DIRECT_OBJC_ISA_USAGE = YES_ERROR;
				CLANG_WARN_DOCUMENTATION_COMMENTS = YES;
				CLANG_WARN_EMPTY_BODY = YES;
				CLANG_WARN_ENUM_CONVERSION = YES;
				CLANG_WARN_INFINITE_RECURSION = YES;
				CLANG_WARN_INT_CONVERSION = YES;
				CLANG_WARN_NON_LITERAL_NULL_CONVERSION = YES;
				CLANG_WARN_OBJC_IMPLICIT_RETAIN_SELF = YES;
				CLANG_WARN_OBJC_LITERAL_CONVERSION = YES;
				CLANG_WARN_OBJC_ROOT_CLASS = YES_ERROR;
				CLANG_WARN_RANGE_LOOP_ANALYSIS = YES;
				CLANG_WARN_STRICT_PROTOTYPES = YES;
				CLANG_WARN_SUSPICIOUS_MOVE = YES;
				CLANG_WARN_UNGUARDED_AVAILABILITY = YES_AGGRESSIVE;
				CLANG_WARN_UNREACHABLE_CODE = YES;
				CLANG_WARN__DUPLICATE_METHOD_MATCH = YES;
				COPY_PHASE_STRIP = NO;
				DEBUG_INFORMATION_FORMAT = dwarf;
				ENABLE_STRICT_OBJC_MSGSEND = YES;
				ENABLE_TESTABILITY = YES;
				GCC_C_LANGUAGE_STANDARD = gnu11;
				GCC_DYNAMIC_NO_PIC = NO;
				GCC_NO_COMMON_BLOCKS = YES;
				GCC_OPTIMIZATION_LEVEL = 0;
				GCC_PREPROCESSOR_DEFINITIONS = (
					"DEBUG=1",
					"$(inherited)",
				);
				GCC_WARN_64_TO_32_BIT_CONVERSION = YES;
				GCC_WARN_ABOUT_RETURN_TYPE = YES_ERROR;
				GCC_WARN_UNDECLARED_SELECTOR = YES;
				GCC_WARN_UNINITIALIZED_AUTOS = YES_AGGRESSIVE;
				GCC_WARN_UNUSED_FUNCTION = YES;
				GCC_WARN_UNUSED_VARIABLE = YES;
				IPHONEOS_DEPLOYMENT_TARGET = 13.2;
				MTL_ENABLE_DEBUG_INFO = INCLUDE_SOURCE;
				MTL_FAST_MATH = YES;
				ONLY_ACTIVE_ARCH = YES;
				SDKROOT = iphoneos;
				SWIFT_ACTIVE_COMPILATION_CONDITIONS = DEBUG;
				SWIFT_OPTIMIZATION_LEVEL = "-Onone";
			};
			name = Debug;
		};
		5A09D8F024C1BA55005DBD02 /* Release */ = {
			isa = XCBuildConfiguration;
			buildSettings = {
				ALWAYS_SEARCH_USER_PATHS = NO;
				CLANG_ANALYZER_NONNULL = YES;
				CLANG_ANALYZER_NUMBER_OBJECT_CONVERSION = YES_AGGRESSIVE;
				CLANG_CXX_LANGUAGE_STANDARD = "gnu++14";
				CLANG_CXX_LIBRARY = "libc++";
				CLANG_ENABLE_MODULES = YES;
				CLANG_ENABLE_OBJC_ARC = YES;
				CLANG_ENABLE_OBJC_WEAK = YES;
				CLANG_WARN_BLOCK_CAPTURE_AUTORELEASING = YES;
				CLANG_WARN_BOOL_CONVERSION = YES;
				CLANG_WARN_COMMA = YES;
				CLANG_WARN_CONSTANT_CONVERSION = YES;
				CLANG_WARN_DEPRECATED_OBJC_IMPLEMENTATIONS = YES;
				CLANG_WARN_DIRECT_OBJC_ISA_USAGE = YES_ERROR;
				CLANG_WARN_DOCUMENTATION_COMMENTS = YES;
				CLANG_WARN_EMPTY_BODY = YES;
				CLANG_WARN_ENUM_CONVERSION = YES;
				CLANG_WARN_INFINITE_RECURSION = YES;
				CLANG_WARN_INT_CONVERSION = YES;
				CLANG_WARN_NON_LITERAL_NULL_CONVERSION = YES;
				CLANG_WARN_OBJC_IMPLICIT_RETAIN_SELF = YES;
				CLANG_WARN_OBJC_LITERAL_CONVERSION = YES;
				CLANG_WARN_OBJC_ROOT_CLASS = YES_ERROR;
				CLANG_WARN_RANGE_LOOP_ANALYSIS = YES;
				CLANG_WARN_STRICT_PROTOTYPES = YES;
				CLANG_WARN_SUSPICIOUS_MOVE = YES;
				CLANG_WARN_UNGUARDED_AVAILABILITY = YES_AGGRESSIVE;
				CLANG_WARN_UNREACHABLE_CODE = YES;
				CLANG_WARN__DUPLICATE_METHOD_MATCH = YES;
				COPY_PHASE_STRIP = NO;
				DEBUG_INFORMATION_FORMAT = "dwarf-with-dsym";
				ENABLE_NS_ASSERTIONS = NO;
				ENABLE_STRICT_OBJC_MSGSEND = YES;
				GCC_C_LANGUAGE_STANDARD = gnu11;
				GCC_NO_COMMON_BLOCKS = YES;
				GCC_WARN_64_TO_32_BIT_CONVERSION = YES;
				GCC_WARN_ABOUT_RETURN_TYPE = YES_ERROR;
				GCC_WARN_UNDECLARED_SELECTOR = YES;
				GCC_WARN_UNINITIALIZED_AUTOS = YES_AGGRESSIVE;
				GCC_WARN_UNUSED_FUNCTION = YES;
				GCC_WARN_UNUSED_VARIABLE = YES;
				IPHONEOS_DEPLOYMENT_TARGET = 13.2;
				MTL_ENABLE_DEBUG_INFO = NO;
				MTL_FAST_MATH = YES;
				SDKROOT = iphoneos;
				SWIFT_COMPILATION_MODE = wholemodule;
				SWIFT_OPTIMIZATION_LEVEL = "-O";
				VALIDATE_PRODUCT = YES;
			};
			name = Release;
		};
		5A09D8F224C1BA55005DBD02 /* Debug */ = {
			isa = XCBuildConfiguration;
			buildSettings = {
				ASSETCATALOG_COMPILER_APPICON_NAME = AppIcon;
				CODE_SIGN_STYLE = Automatic;
				DEVELOPMENT_TEAM = 5J4GVGN58B;
				INFOPLIST_FILE = ExpandableTabbarSample/Info.plist;
				LD_RUNPATH_SEARCH_PATHS = (
					"$(inherited)",
					"@executable_path/Frameworks",
				);
				PRODUCT_BUNDLE_IDENTIFIER = co.jp.vietta.ExpandableTabbarSample;
				PRODUCT_NAME = "$(TARGET_NAME)";
				SWIFT_VERSION = 5.0;
				TARGETED_DEVICE_FAMILY = "1,2";
			};
			name = Debug;
		};
		5A09D8F324C1BA55005DBD02 /* Release */ = {
			isa = XCBuildConfiguration;
			buildSettings = {
				ASSETCATALOG_COMPILER_APPICON_NAME = AppIcon;
				CODE_SIGN_STYLE = Automatic;
				DEVELOPMENT_TEAM = 5J4GVGN58B;
				INFOPLIST_FILE = ExpandableTabbarSample/Info.plist;
				LD_RUNPATH_SEARCH_PATHS = (
					"$(inherited)",
					"@executable_path/Frameworks",
				);
				PRODUCT_BUNDLE_IDENTIFIER = co.jp.vietta.ExpandableTabbarSample;
				PRODUCT_NAME = "$(TARGET_NAME)";
				SWIFT_VERSION = 5.0;
				TARGETED_DEVICE_FAMILY = "1,2";
			};
			name = Release;
		};
/* End XCBuildConfiguration section */

/* Begin XCConfigurationList section */
		5A09D8D824C1BA52005DBD02 /* Build configuration list for PBXProject "ExpandableTabbarSample" */ = {
			isa = XCConfigurationList;
			buildConfigurations = (
				5A09D8EF24C1BA55005DBD02 /* Debug */,
				5A09D8F024C1BA55005DBD02 /* Release */,
			);
			defaultConfigurationIsVisible = 0;
			defaultConfigurationName = Release;
		};
		5A09D8F124C1BA55005DBD02 /* Build configuration list for PBXNativeTarget "ExpandableTabbarSample" */ = {
			isa = XCConfigurationList;
			buildConfigurations = (
				5A09D8F224C1BA55005DBD02 /* Debug */,
				5A09D8F324C1BA55005DBD02 /* Release */,
			);
			defaultConfigurationIsVisible = 0;
			defaultConfigurationName = Release;
		};
/* End XCConfigurationList section */
	};
	rootObject = 5A09D8D524C1BA52005DBD02 /* Project object */;
}
